
Microsoft Visual Studio Solution File, Format Version 12.00
# Visual Studio Version 17
VisualStudioVersion = 17.3.32819.101
MinimumVisualStudioVersion = 10.0.40219.1
Project("{FAE04EC0-301F-11D3-BF4B-00C04F79EFBC}") = "EmployeeWebApplication", "EmployeeWebApplication\EmployeeWebApplication.csproj", "{9AA8F79B-3454-4F8C-B631-1D26100C5737}"
EndProject
Global
	GlobalSection(SolutionConfigurationPlatforms) = preSolution
		Debug|Any CPU = Debug|Any CPU
		Release|Any CPU = Release|Any CPU
	EndGlobalSection
	GlobalSection(ProjectConfigurationPlatforms) = postSolution
		{9AA8F79B-3454-4F8C-B631-1D26100C5737}.Debug|Any CPU.ActiveCfg = Debug|Any CPU
		{9AA8F79B-3454-4F8C-B631-1D26100C5737}.Debug|Any CPU.Build.0 = Debug|Any CPU
		{9AA8F79B-3454-4F8C-B631-1D26100C5737}.Release|Any CPU.ActiveCfg = Release|Any CPU
		{9AA8F79B-3454-4F8C-B631-1D26100C5737}.Release|Any CPU.Build.0 = Release|Any CPU
	EndGlobalSection
	GlobalSection(SolutionProperties) = preSolution
		HideSolutionNode = FALSE
	EndGlobalSection
	GlobalSection(ExtensibilityGlobals) = postSolution
		SolutionGuid = {B25F9836-556B-48B1-8446-320B9A4B1A7A}
	EndGlobalSection
EndGlobal
